
Microsoft Visual Studio Solution File, Format Version 12.00
# Visual Studio Version 16
VisualStudioVersion = 16.0.30621.155
MinimumVisualStudioVersion = 10.0.40219.1
Project("{FAE04EC0-301F-11D3-BF4B-00C04F79EFBC}") = "01. Match Full Name", "01. Match Full Name\01. Match Full Name.csproj", "{F3441CCC-507A-4263-B056-9C9CF93ED988}"
EndProject
Project("{FAE04EC0-301F-11D3-BF4B-00C04F79EFBC}") = "02. Match Phone Number", "02. Match Phone Number\02. Match Phone Number.csproj", "{6B17DFCA-E624-4F3A-B14D-5D400673F0D9}"
EndProject
Project("{FAE04EC0-301F-11D3-BF4B-00C04F79EFBC}") = "03. Match Dates", "03. Match Dates\03. Match Dates.csproj", "{C09C5475-729F-447D-B051-0F8CC784A1D3}"
EndProject
Global
	GlobalSection(SolutionConfigurationPlatforms) = preSolution
		Debug|Any CPU = Debug|Any CPU
		Release|Any CPU = Release|Any CPU
	EndGlobalSection
	GlobalSection(ProjectConfigurationPlatforms) = postSolution
		{F3441CCC-507A-4263-B056-9C9CF93ED988}.Debug|Any CPU.ActiveCfg = Debug|Any CPU
		{F3441CCC-507A-4263-B056-9C9CF93ED988}.Debug|Any CPU.Build.0 = Debug|Any CPU
		{F3441CCC-507A-4263-B056-9C9CF93ED988}.Release|Any CPU.ActiveCfg = Release|Any CPU
		{F3441CCC-507A-4263-B056-9C9CF93ED988}.Release|Any CPU.Build.0 = Release|Any CPU
		{6B17DFCA-E624-4F3A-B14D-5D400673F0D9}.Debug|Any CPU.ActiveCfg = Debug|Any CPU
		{6B17DFCA-E624-4F3A-B14D-5D400673F0D9}.Debug|Any CPU.Build.0 = Debug|Any CPU
		{6B17DFCA-E624-4F3A-B14D-5D400673F0D9}.Release|Any CPU.ActiveCfg = Release|Any CPU
		{6B17DFCA-E624-4F3A-B14D-5D400673F0D9}.Release|Any CPU.Build.0 = Release|Any CPU
		{C09C5475-729F-447D-B051-0F8CC784A1D3}.Debug|Any CPU.ActiveCfg = Debug|Any CPU
		{C09C5475-729F-447D-B051-0F8CC784A1D3}.Debug|Any CPU.Build.0 = Debug|Any CPU
		{C09C5475-729F-447D-B051-0F8CC784A1D3}.Release|Any CPU.ActiveCfg = Release|Any CPU
		{C09C5475-729F-447D-B051-0F8CC784A1D3}.Release|Any CPU.Build.0 = Release|Any CPU
	EndGlobalSection
	GlobalSection(SolutionProperties) = preSolution
		HideSolutionNode = FALSE
	EndGlobalSection
	GlobalSection(ExtensibilityGlobals) = postSolution
		SolutionGuid = {A24A977F-BD23-4024-9F0E-E38FAE9AF0CE}
	EndGlobalSection
EndGlobal
