
Microsoft Visual Studio Solution File, Format Version 12.00
# Visual Studio Version 16
VisualStudioVersion = 16.0.30907.101
MinimumVisualStudioVersion = 10.0.40219.1
Project("{9A19103F-16F7-4668-BE54-9A1E7A4F7556}") = "01. Car", "01. Car\01. Car.csproj", "{3696D4E5-CBC8-41D9-ACB3-65C8C37CC49C}"
EndProject
Project("{9A19103F-16F7-4668-BE54-9A1E7A4F7556}") = "02. Car Extension", "02. Car Extension\02. Car Extension.csproj", "{4E2BDA03-0B19-4869-9688-A70B4F23DFA1}"
EndProject
Project("{9A19103F-16F7-4668-BE54-9A1E7A4F7556}") = "03. Car Constructors", "03. Car Constructors\03. Car Constructors.csproj", "{7FF494E6-A402-4836-8CDC-7F87500B63EA}"
EndProject
Project("{9A19103F-16F7-4668-BE54-9A1E7A4F7556}") = "04. Car Engine And Tires", "04. Car Engine And Tires\04. Car Engine And Tires.csproj", "{7A19299A-0FEF-40CA-A0BE-EADB50788B8D}"
EndProject
Project("{FAE04EC0-301F-11D3-BF4B-00C04F79EFBC}") = "CarManufacturer", "CarManufacturer\CarManufacturer.csproj", "{2FAD9BB4-1AE8-41A2-BC2B-E571F5CA1479}"
EndProject
Global
	GlobalSection(SolutionConfigurationPlatforms) = preSolution
		Debug|Any CPU = Debug|Any CPU
		Release|Any CPU = Release|Any CPU
	EndGlobalSection
	GlobalSection(ProjectConfigurationPlatforms) = postSolution
		{3696D4E5-CBC8-41D9-ACB3-65C8C37CC49C}.Debug|Any CPU.ActiveCfg = Debug|Any CPU
		{3696D4E5-CBC8-41D9-ACB3-65C8C37CC49C}.Debug|Any CPU.Build.0 = Debug|Any CPU
		{3696D4E5-CBC8-41D9-ACB3-65C8C37CC49C}.Release|Any CPU.ActiveCfg = Release|Any CPU
		{3696D4E5-CBC8-41D9-ACB3-65C8C37CC49C}.Release|Any CPU.Build.0 = Release|Any CPU
		{4E2BDA03-0B19-4869-9688-A70B4F23DFA1}.Debug|Any CPU.ActiveCfg = Debug|Any CPU
		{4E2BDA03-0B19-4869-9688-A70B4F23DFA1}.Debug|Any CPU.Build.0 = Debug|Any CPU
		{4E2BDA03-0B19-4869-9688-A70B4F23DFA1}.Release|Any CPU.ActiveCfg = Release|Any CPU
		{4E2BDA03-0B19-4869-9688-A70B4F23DFA1}.Release|Any CPU.Build.0 = Release|Any CPU
		{7FF494E6-A402-4836-8CDC-7F87500B63EA}.Debug|Any CPU.ActiveCfg = Debug|Any CPU
		{7FF494E6-A402-4836-8CDC-7F87500B63EA}.Debug|Any CPU.Build.0 = Debug|Any CPU
		{7FF494E6-A402-4836-8CDC-7F87500B63EA}.Release|Any CPU.ActiveCfg = Release|Any CPU
		{7FF494E6-A402-4836-8CDC-7F87500B63EA}.Release|Any CPU.Build.0 = Release|Any CPU
		{7A19299A-0FEF-40CA-A0BE-EADB50788B8D}.Debug|Any CPU.ActiveCfg = Debug|Any CPU
		{7A19299A-0FEF-40CA-A0BE-EADB50788B8D}.Debug|Any CPU.Build.0 = Debug|Any CPU
		{7A19299A-0FEF-40CA-A0BE-EADB50788B8D}.Release|Any CPU.ActiveCfg = Release|Any CPU
		{7A19299A-0FEF-40CA-A0BE-EADB50788B8D}.Release|Any CPU.Build.0 = Release|Any CPU
		{2FAD9BB4-1AE8-41A2-BC2B-E571F5CA1479}.Debug|Any CPU.ActiveCfg = Debug|Any CPU
		{2FAD9BB4-1AE8-41A2-BC2B-E571F5CA1479}.Debug|Any CPU.Build.0 = Debug|Any CPU
		{2FAD9BB4-1AE8-41A2-BC2B-E571F5CA1479}.Release|Any CPU.ActiveCfg = Release|Any CPU
		{2FAD9BB4-1AE8-41A2-BC2B-E571F5CA1479}.Release|Any CPU.Build.0 = Release|Any CPU
	EndGlobalSection
	GlobalSection(SolutionProperties) = preSolution
		HideSolutionNode = FALSE
	EndGlobalSection
	GlobalSection(ExtensibilityGlobals) = postSolution
		SolutionGuid = {61A76859-D18D-4D89-8CD3-C69B2C48A94F}
	EndGlobalSection
EndGlobal
