
Microsoft Visual Studio Solution File, Format Version 12.00
# Visual Studio Version 16
VisualStudioVersion = 16.0.30907.101
MinimumVisualStudioVersion = 10.0.40219.1
Project("{9A19103F-16F7-4668-BE54-9A1E7A4F7556}") = "01. Define a Class Person", "01. Define a Class Person\01. Define a Class Person.csproj", "{03693F03-7D3D-4488-8E67-56AECD68595B}"
EndProject
Project("{9A19103F-16F7-4668-BE54-9A1E7A4F7556}") = "02. Creating Constructors", "02. Creating Constructors\02. Creating Constructors.csproj", "{4655DF12-FE9A-443F-83E7-304ADE6F71CF}"
EndProject
Project("{9A19103F-16F7-4668-BE54-9A1E7A4F7556}") = "03.OldestFamilyMember", "03.OldestFamilyMember\03.OldestFamilyMember.csproj", "{85AFFD56-CCA9-462F-ABA1-49D5265DD498}"
EndProject
Project("{9A19103F-16F7-4668-BE54-9A1E7A4F7556}") = "04.OpinionPoll", "04.OpinionPoll\04.OpinionPoll.csproj", "{1145FAB1-EE67-479D-8D18-15ABDB2CDA43}"
EndProject
Project("{9A19103F-16F7-4668-BE54-9A1E7A4F7556}") = "05.DateModifier", "05.DateModifier\05.DateModifier.csproj", "{C402917C-E78F-4E2F-BCBA-300331DD9821}"
EndProject
Project("{9A19103F-16F7-4668-BE54-9A1E7A4F7556}") = "06.SpeedRacing", "06.SpeedRacing\06.SpeedRacing.csproj", "{3DD13086-B2C5-4DD4-8B24-B54DFCDE3826}"
EndProject
Project("{FAE04EC0-301F-11D3-BF4B-00C04F79EFBC}") = "07.RawData", "07.RawData\07.RawData.csproj", "{D596E3AD-C4F1-449D-91EE-FADCBDEE2399}"
EndProject
Project("{FAE04EC0-301F-11D3-BF4B-00C04F79EFBC}") = "08.CarSalesman", "08.CarSalesman\08.CarSalesman.csproj", "{162358B5-BD73-45C8-99EE-C7AB99C5C2AD}"
EndProject
Project("{FAE04EC0-301F-11D3-BF4B-00C04F79EFBC}") = "09.PokemonTrainer", "09.PokemonTrainer\09.PokemonTrainer.csproj", "{D3A9C481-395D-43BA-8B1C-486A6AB30325}"
EndProject
Global
	GlobalSection(SolutionConfigurationPlatforms) = preSolution
		Debug|Any CPU = Debug|Any CPU
		Release|Any CPU = Release|Any CPU
	EndGlobalSection
	GlobalSection(ProjectConfigurationPlatforms) = postSolution
		{03693F03-7D3D-4488-8E67-56AECD68595B}.Debug|Any CPU.ActiveCfg = Debug|Any CPU
		{03693F03-7D3D-4488-8E67-56AECD68595B}.Debug|Any CPU.Build.0 = Debug|Any CPU
		{03693F03-7D3D-4488-8E67-56AECD68595B}.Release|Any CPU.ActiveCfg = Release|Any CPU
		{03693F03-7D3D-4488-8E67-56AECD68595B}.Release|Any CPU.Build.0 = Release|Any CPU
		{4655DF12-FE9A-443F-83E7-304ADE6F71CF}.Debug|Any CPU.ActiveCfg = Debug|Any CPU
		{4655DF12-FE9A-443F-83E7-304ADE6F71CF}.Debug|Any CPU.Build.0 = Debug|Any CPU
		{4655DF12-FE9A-443F-83E7-304ADE6F71CF}.Release|Any CPU.ActiveCfg = Release|Any CPU
		{4655DF12-FE9A-443F-83E7-304ADE6F71CF}.Release|Any CPU.Build.0 = Release|Any CPU
		{85AFFD56-CCA9-462F-ABA1-49D5265DD498}.Debug|Any CPU.ActiveCfg = Debug|Any CPU
		{85AFFD56-CCA9-462F-ABA1-49D5265DD498}.Debug|Any CPU.Build.0 = Debug|Any CPU
		{85AFFD56-CCA9-462F-ABA1-49D5265DD498}.Release|Any CPU.ActiveCfg = Release|Any CPU
		{85AFFD56-CCA9-462F-ABA1-49D5265DD498}.Release|Any CPU.Build.0 = Release|Any CPU
		{1145FAB1-EE67-479D-8D18-15ABDB2CDA43}.Debug|Any CPU.ActiveCfg = Debug|Any CPU
		{1145FAB1-EE67-479D-8D18-15ABDB2CDA43}.Debug|Any CPU.Build.0 = Debug|Any CPU
		{1145FAB1-EE67-479D-8D18-15ABDB2CDA43}.Release|Any CPU.ActiveCfg = Release|Any CPU
		{1145FAB1-EE67-479D-8D18-15ABDB2CDA43}.Release|Any CPU.Build.0 = Release|Any CPU
		{C402917C-E78F-4E2F-BCBA-300331DD9821}.Debug|Any CPU.ActiveCfg = Debug|Any CPU
		{C402917C-E78F-4E2F-BCBA-300331DD9821}.Debug|Any CPU.Build.0 = Debug|Any CPU
		{C402917C-E78F-4E2F-BCBA-300331DD9821}.Release|Any CPU.ActiveCfg = Release|Any CPU
		{C402917C-E78F-4E2F-BCBA-300331DD9821}.Release|Any CPU.Build.0 = Release|Any CPU
		{3DD13086-B2C5-4DD4-8B24-B54DFCDE3826}.Debug|Any CPU.ActiveCfg = Debug|Any CPU
		{3DD13086-B2C5-4DD4-8B24-B54DFCDE3826}.Debug|Any CPU.Build.0 = Debug|Any CPU
		{3DD13086-B2C5-4DD4-8B24-B54DFCDE3826}.Release|Any CPU.ActiveCfg = Release|Any CPU
		{3DD13086-B2C5-4DD4-8B24-B54DFCDE3826}.Release|Any CPU.Build.0 = Release|Any CPU
		{D596E3AD-C4F1-449D-91EE-FADCBDEE2399}.Debug|Any CPU.ActiveCfg = Debug|Any CPU
		{D596E3AD-C4F1-449D-91EE-FADCBDEE2399}.Debug|Any CPU.Build.0 = Debug|Any CPU
		{D596E3AD-C4F1-449D-91EE-FADCBDEE2399}.Release|Any CPU.ActiveCfg = Release|Any CPU
		{D596E3AD-C4F1-449D-91EE-FADCBDEE2399}.Release|Any CPU.Build.0 = Release|Any CPU
		{162358B5-BD73-45C8-99EE-C7AB99C5C2AD}.Debug|Any CPU.ActiveCfg = Debug|Any CPU
		{162358B5-BD73-45C8-99EE-C7AB99C5C2AD}.Debug|Any CPU.Build.0 = Debug|Any CPU
		{162358B5-BD73-45C8-99EE-C7AB99C5C2AD}.Release|Any CPU.ActiveCfg = Release|Any CPU
		{162358B5-BD73-45C8-99EE-C7AB99C5C2AD}.Release|Any CPU.Build.0 = Release|Any CPU
		{D3A9C481-395D-43BA-8B1C-486A6AB30325}.Debug|Any CPU.ActiveCfg = Debug|Any CPU
		{D3A9C481-395D-43BA-8B1C-486A6AB30325}.Debug|Any CPU.Build.0 = Debug|Any CPU
		{D3A9C481-395D-43BA-8B1C-486A6AB30325}.Release|Any CPU.ActiveCfg = Release|Any CPU
		{D3A9C481-395D-43BA-8B1C-486A6AB30325}.Release|Any CPU.Build.0 = Release|Any CPU
	EndGlobalSection
	GlobalSection(SolutionProperties) = preSolution
		HideSolutionNode = FALSE
	EndGlobalSection
	GlobalSection(ExtensibilityGlobals) = postSolution
		SolutionGuid = {485A7130-AB9D-4819-9599-4D52596C3D6C}
	EndGlobalSection
EndGlobal
