
Microsoft Visual Studio Solution File, Format Version 12.00
# Visual Studio Version 16
VisualStudioVersion = 16.0.30804.86
MinimumVisualStudioVersion = 10.0.40219.1
Project("{FAE04EC0-301F-11D3-BF4B-00C04F79EFBC}") = "01. Excellent Result", "01. Excellent Result\01. Excellent Result.csproj", "{F8263124-CE51-41B3-8955-72847ECFA4B5}"
EndProject
Project("{FAE04EC0-301F-11D3-BF4B-00C04F79EFBC}") = "02. Greater Number", "02. Greater Number\02. Greater Number.csproj", "{8DBB257A-970A-459C-A90B-61165049C51B}"
EndProject
Project("{FAE04EC0-301F-11D3-BF4B-00C04F79EFBC}") = "03. Even or Odd", "03. Even or Odd\03. Even or Odd.csproj", "{C3D6650B-4146-4891-ADA7-9A88D4185280}"
EndProject
Project("{FAE04EC0-301F-11D3-BF4B-00C04F79EFBC}") = "04. Number 100-200", "04. Number 100-200\04. Number 100-200.csproj", "{9869F10F-6DA2-4C97-AF41-3149A4B8E989}"
EndProject
Project("{FAE04EC0-301F-11D3-BF4B-00C04F79EFBC}") = "05. Password Guess", "05. Password Guess\05. Password Guess.csproj", "{E04D6F18-FEB6-42E7-9D49-B8985F10B385}"
EndProject
Project("{FAE04EC0-301F-11D3-BF4B-00C04F79EFBC}") = "06. Area of Figures", "06. Area of Figures\06. Area of Figures.csproj", "{85A7710C-3439-488A-BB18-1691BEABCC49}"
EndProject
Project("{FAE04EC0-301F-11D3-BF4B-00C04F79EFBC}") = "07. Toy Shop", "07. Toy Shop\07. Toy Shop.csproj", "{F2F50F8E-43FB-4D60-9CDF-269EA6A397A9}"
EndProject
Global
	GlobalSection(SolutionConfigurationPlatforms) = preSolution
		Debug|Any CPU = Debug|Any CPU
		Release|Any CPU = Release|Any CPU
	EndGlobalSection
	GlobalSection(ProjectConfigurationPlatforms) = postSolution
		{F8263124-CE51-41B3-8955-72847ECFA4B5}.Debug|Any CPU.ActiveCfg = Debug|Any CPU
		{F8263124-CE51-41B3-8955-72847ECFA4B5}.Debug|Any CPU.Build.0 = Debug|Any CPU
		{F8263124-CE51-41B3-8955-72847ECFA4B5}.Release|Any CPU.ActiveCfg = Release|Any CPU
		{F8263124-CE51-41B3-8955-72847ECFA4B5}.Release|Any CPU.Build.0 = Release|Any CPU
		{8DBB257A-970A-459C-A90B-61165049C51B}.Debug|Any CPU.ActiveCfg = Debug|Any CPU
		{8DBB257A-970A-459C-A90B-61165049C51B}.Debug|Any CPU.Build.0 = Debug|Any CPU
		{8DBB257A-970A-459C-A90B-61165049C51B}.Release|Any CPU.ActiveCfg = Release|Any CPU
		{8DBB257A-970A-459C-A90B-61165049C51B}.Release|Any CPU.Build.0 = Release|Any CPU
		{C3D6650B-4146-4891-ADA7-9A88D4185280}.Debug|Any CPU.ActiveCfg = Debug|Any CPU
		{C3D6650B-4146-4891-ADA7-9A88D4185280}.Debug|Any CPU.Build.0 = Debug|Any CPU
		{C3D6650B-4146-4891-ADA7-9A88D4185280}.Release|Any CPU.ActiveCfg = Release|Any CPU
		{C3D6650B-4146-4891-ADA7-9A88D4185280}.Release|Any CPU.Build.0 = Release|Any CPU
		{9869F10F-6DA2-4C97-AF41-3149A4B8E989}.Debug|Any CPU.ActiveCfg = Debug|Any CPU
		{9869F10F-6DA2-4C97-AF41-3149A4B8E989}.Debug|Any CPU.Build.0 = Debug|Any CPU
		{9869F10F-6DA2-4C97-AF41-3149A4B8E989}.Release|Any CPU.ActiveCfg = Release|Any CPU
		{9869F10F-6DA2-4C97-AF41-3149A4B8E989}.Release|Any CPU.Build.0 = Release|Any CPU
		{E04D6F18-FEB6-42E7-9D49-B8985F10B385}.Debug|Any CPU.ActiveCfg = Debug|Any CPU
		{E04D6F18-FEB6-42E7-9D49-B8985F10B385}.Debug|Any CPU.Build.0 = Debug|Any CPU
		{E04D6F18-FEB6-42E7-9D49-B8985F10B385}.Release|Any CPU.ActiveCfg = Release|Any CPU
		{E04D6F18-FEB6-42E7-9D49-B8985F10B385}.Release|Any CPU.Build.0 = Release|Any CPU
		{85A7710C-3439-488A-BB18-1691BEABCC49}.Debug|Any CPU.ActiveCfg = Debug|Any CPU
		{85A7710C-3439-488A-BB18-1691BEABCC49}.Debug|Any CPU.Build.0 = Debug|Any CPU
		{85A7710C-3439-488A-BB18-1691BEABCC49}.Release|Any CPU.ActiveCfg = Release|Any CPU
		{85A7710C-3439-488A-BB18-1691BEABCC49}.Release|Any CPU.Build.0 = Release|Any CPU
		{F2F50F8E-43FB-4D60-9CDF-269EA6A397A9}.Debug|Any CPU.ActiveCfg = Debug|Any CPU
		{F2F50F8E-43FB-4D60-9CDF-269EA6A397A9}.Debug|Any CPU.Build.0 = Debug|Any CPU
		{F2F50F8E-43FB-4D60-9CDF-269EA6A397A9}.Release|Any CPU.ActiveCfg = Release|Any CPU
		{F2F50F8E-43FB-4D60-9CDF-269EA6A397A9}.Release|Any CPU.Build.0 = Release|Any CPU
	EndGlobalSection
	GlobalSection(SolutionProperties) = preSolution
		HideSolutionNode = FALSE
	EndGlobalSection
	GlobalSection(ExtensibilityGlobals) = postSolution
		SolutionGuid = {018D9506-A651-4FE7-A3DF-557768D87CC6}
	EndGlobalSection
EndGlobal
