
Microsoft Visual Studio Solution File, Format Version 12.00
# Visual Studio Version 16
VisualStudioVersion = 16.0.30804.86
MinimumVisualStudioVersion = 10.0.40219.1
Project("{FAE04EC0-301F-11D3-BF4B-00C04F79EFBC}") = "01. Problem", "01. Problem\01. Problem.csproj", "{D33A3272-488C-41B8-8070-66BCA5B9B798}"
EndProject
Project("{FAE04EC0-301F-11D3-BF4B-00C04F79EFBC}") = "02. Problem", "02. Problem\02. Problem.csproj", "{D55E1D0E-236E-42A7-AC5A-DBFF1C837612}"
EndProject
Project("{FAE04EC0-301F-11D3-BF4B-00C04F79EFBC}") = "03. Problem", "03. Problem\03. Problem.csproj", "{C495CA52-F031-4038-8FE2-F159E999EEFD}"
EndProject
Global
	GlobalSection(SolutionConfigurationPlatforms) = preSolution
		Debug|Any CPU = Debug|Any CPU
		Release|Any CPU = Release|Any CPU
	EndGlobalSection
	GlobalSection(ProjectConfigurationPlatforms) = postSolution
		{D33A3272-488C-41B8-8070-66BCA5B9B798}.Debug|Any CPU.ActiveCfg = Debug|Any CPU
		{D33A3272-488C-41B8-8070-66BCA5B9B798}.Debug|Any CPU.Build.0 = Debug|Any CPU
		{D33A3272-488C-41B8-8070-66BCA5B9B798}.Release|Any CPU.ActiveCfg = Release|Any CPU
		{D33A3272-488C-41B8-8070-66BCA5B9B798}.Release|Any CPU.Build.0 = Release|Any CPU
		{D55E1D0E-236E-42A7-AC5A-DBFF1C837612}.Debug|Any CPU.ActiveCfg = Debug|Any CPU
		{D55E1D0E-236E-42A7-AC5A-DBFF1C837612}.Debug|Any CPU.Build.0 = Debug|Any CPU
		{D55E1D0E-236E-42A7-AC5A-DBFF1C837612}.Release|Any CPU.ActiveCfg = Release|Any CPU
		{D55E1D0E-236E-42A7-AC5A-DBFF1C837612}.Release|Any CPU.Build.0 = Release|Any CPU
		{C495CA52-F031-4038-8FE2-F159E999EEFD}.Debug|Any CPU.ActiveCfg = Debug|Any CPU
		{C495CA52-F031-4038-8FE2-F159E999EEFD}.Debug|Any CPU.Build.0 = Debug|Any CPU
		{C495CA52-F031-4038-8FE2-F159E999EEFD}.Release|Any CPU.ActiveCfg = Release|Any CPU
		{C495CA52-F031-4038-8FE2-F159E999EEFD}.Release|Any CPU.Build.0 = Release|Any CPU
	EndGlobalSection
	GlobalSection(SolutionProperties) = preSolution
		HideSolutionNode = FALSE
	EndGlobalSection
	GlobalSection(ExtensibilityGlobals) = postSolution
		SolutionGuid = {9FBE398E-3777-499D-AEBD-FDE13ACC9870}
	EndGlobalSection
EndGlobal
