
Microsoft Visual Studio Solution File, Format Version 12.00
# Visual Studio Version 16
VisualStudioVersion = 16.0.30621.155
MinimumVisualStudioVersion = 10.0.40219.1
Project("{FAE04EC0-301F-11D3-BF4B-00C04F79EFBC}") = "01. Activation Keys", "01. Activation Keys\01. Activation Keys.csproj", "{202953AA-D904-42CA-8D8D-850EA8DB86F6}"
EndProject
Project("{FAE04EC0-301F-11D3-BF4B-00C04F79EFBC}") = "02. Emoji Detector", "02. Emoji Detector\02. Emoji Detector.csproj", "{91BD448A-A164-4A90-B696-B49B3E2D7E20}"
EndProject
Project("{FAE04EC0-301F-11D3-BF4B-00C04F79EFBC}") = "03. P!rates", "03. P!rates\03. P!rates.csproj", "{83ADE0C3-5EB3-4BF7-8411-7BDC95BBFD34}"
EndProject
Global
	GlobalSection(SolutionConfigurationPlatforms) = preSolution
		Debug|Any CPU = Debug|Any CPU
		Release|Any CPU = Release|Any CPU
	EndGlobalSection
	GlobalSection(ProjectConfigurationPlatforms) = postSolution
		{202953AA-D904-42CA-8D8D-850EA8DB86F6}.Debug|Any CPU.ActiveCfg = Debug|Any CPU
		{202953AA-D904-42CA-8D8D-850EA8DB86F6}.Debug|Any CPU.Build.0 = Debug|Any CPU
		{202953AA-D904-42CA-8D8D-850EA8DB86F6}.Release|Any CPU.ActiveCfg = Release|Any CPU
		{202953AA-D904-42CA-8D8D-850EA8DB86F6}.Release|Any CPU.Build.0 = Release|Any CPU
		{91BD448A-A164-4A90-B696-B49B3E2D7E20}.Debug|Any CPU.ActiveCfg = Debug|Any CPU
		{91BD448A-A164-4A90-B696-B49B3E2D7E20}.Debug|Any CPU.Build.0 = Debug|Any CPU
		{91BD448A-A164-4A90-B696-B49B3E2D7E20}.Release|Any CPU.ActiveCfg = Release|Any CPU
		{91BD448A-A164-4A90-B696-B49B3E2D7E20}.Release|Any CPU.Build.0 = Release|Any CPU
		{83ADE0C3-5EB3-4BF7-8411-7BDC95BBFD34}.Debug|Any CPU.ActiveCfg = Debug|Any CPU
		{83ADE0C3-5EB3-4BF7-8411-7BDC95BBFD34}.Debug|Any CPU.Build.0 = Debug|Any CPU
		{83ADE0C3-5EB3-4BF7-8411-7BDC95BBFD34}.Release|Any CPU.ActiveCfg = Release|Any CPU
		{83ADE0C3-5EB3-4BF7-8411-7BDC95BBFD34}.Release|Any CPU.Build.0 = Release|Any CPU
	EndGlobalSection
	GlobalSection(SolutionProperties) = preSolution
		HideSolutionNode = FALSE
	EndGlobalSection
	GlobalSection(ExtensibilityGlobals) = postSolution
		SolutionGuid = {7E38F744-D09A-41D3-9861-2C31AE934F3D}
	EndGlobalSection
EndGlobal
