
Microsoft Visual Studio Solution File, Format Version 12.00
# Visual Studio Version 16
VisualStudioVersion = 16.0.30621.155
MinimumVisualStudioVersion = 10.0.40219.1
Project("{FAE04EC0-301F-11D3-BF4B-00C04F79EFBC}") = "01. Password Reset", "01. Password Reset\01. Password Reset.csproj", "{9BAF8506-DB52-4FF8-884E-A1B096B1369F}"
EndProject
Project("{FAE04EC0-301F-11D3-BF4B-00C04F79EFBC}") = "02. Fancy Barcodes", "02. Fancy Barcodes\02. Fancy Barcodes.csproj", "{936DD8BD-2277-445A-8FD4-F5551589BDEB}"
EndProject
Project("{FAE04EC0-301F-11D3-BF4B-00C04F79EFBC}") = "03. Heroes of Code and Logic VII", "03. Heroes of Code and Logic VII\03. Heroes of Code and Logic VII.csproj", "{5B43774F-734C-4D8B-BD68-D6F05ECD49B0}"
EndProject
Global
	GlobalSection(SolutionConfigurationPlatforms) = preSolution
		Debug|Any CPU = Debug|Any CPU
		Release|Any CPU = Release|Any CPU
	EndGlobalSection
	GlobalSection(ProjectConfigurationPlatforms) = postSolution
		{9BAF8506-DB52-4FF8-884E-A1B096B1369F}.Debug|Any CPU.ActiveCfg = Debug|Any CPU
		{9BAF8506-DB52-4FF8-884E-A1B096B1369F}.Debug|Any CPU.Build.0 = Debug|Any CPU
		{9BAF8506-DB52-4FF8-884E-A1B096B1369F}.Release|Any CPU.ActiveCfg = Release|Any CPU
		{9BAF8506-DB52-4FF8-884E-A1B096B1369F}.Release|Any CPU.Build.0 = Release|Any CPU
		{936DD8BD-2277-445A-8FD4-F5551589BDEB}.Debug|Any CPU.ActiveCfg = Debug|Any CPU
		{936DD8BD-2277-445A-8FD4-F5551589BDEB}.Debug|Any CPU.Build.0 = Debug|Any CPU
		{936DD8BD-2277-445A-8FD4-F5551589BDEB}.Release|Any CPU.ActiveCfg = Release|Any CPU
		{936DD8BD-2277-445A-8FD4-F5551589BDEB}.Release|Any CPU.Build.0 = Release|Any CPU
		{5B43774F-734C-4D8B-BD68-D6F05ECD49B0}.Debug|Any CPU.ActiveCfg = Debug|Any CPU
		{5B43774F-734C-4D8B-BD68-D6F05ECD49B0}.Debug|Any CPU.Build.0 = Debug|Any CPU
		{5B43774F-734C-4D8B-BD68-D6F05ECD49B0}.Release|Any CPU.ActiveCfg = Release|Any CPU
		{5B43774F-734C-4D8B-BD68-D6F05ECD49B0}.Release|Any CPU.Build.0 = Release|Any CPU
	EndGlobalSection
	GlobalSection(SolutionProperties) = preSolution
		HideSolutionNode = FALSE
	EndGlobalSection
	GlobalSection(ExtensibilityGlobals) = postSolution
		SolutionGuid = {EF28A9BA-0280-4FDC-A42D-23BCDF90CFD3}
	EndGlobalSection
EndGlobal
