
Microsoft Visual Studio Solution File, Format Version 12.00
# Visual Studio Version 16
VisualStudioVersion = 16.0.30621.155
MinimumVisualStudioVersion = 10.0.40219.1
Project("{FAE04EC0-301F-11D3-BF4B-00C04F79EFBC}") = "01FlowerWreaths", "01FlowerWreaths\01FlowerWreaths.csproj", "{6FA65A8E-3497-4E34-B53B-434D0ADF5621}"
EndProject
Project("{FAE04EC0-301F-11D3-BF4B-00C04F79EFBC}") = "02Bee", "02Bee\02Bee.csproj", "{CF939874-73DE-4727-97E7-F4C217CD1968}"
EndProject
Project("{9A19103F-16F7-4668-BE54-9A1E7A4F7556}") = "VetClinic", "VetClinic\VetClinic.csproj", "{97AAD9BA-FE93-4668-8FFF-56CE7B12440B}"
EndProject
Global
	GlobalSection(SolutionConfigurationPlatforms) = preSolution
		Debug|Any CPU = Debug|Any CPU
		Release|Any CPU = Release|Any CPU
	EndGlobalSection
	GlobalSection(ProjectConfigurationPlatforms) = postSolution
		{6FA65A8E-3497-4E34-B53B-434D0ADF5621}.Debug|Any CPU.ActiveCfg = Debug|Any CPU
		{6FA65A8E-3497-4E34-B53B-434D0ADF5621}.Debug|Any CPU.Build.0 = Debug|Any CPU
		{6FA65A8E-3497-4E34-B53B-434D0ADF5621}.Release|Any CPU.ActiveCfg = Release|Any CPU
		{6FA65A8E-3497-4E34-B53B-434D0ADF5621}.Release|Any CPU.Build.0 = Release|Any CPU
		{CF939874-73DE-4727-97E7-F4C217CD1968}.Debug|Any CPU.ActiveCfg = Debug|Any CPU
		{CF939874-73DE-4727-97E7-F4C217CD1968}.Debug|Any CPU.Build.0 = Debug|Any CPU
		{CF939874-73DE-4727-97E7-F4C217CD1968}.Release|Any CPU.ActiveCfg = Release|Any CPU
		{CF939874-73DE-4727-97E7-F4C217CD1968}.Release|Any CPU.Build.0 = Release|Any CPU
		{97AAD9BA-FE93-4668-8FFF-56CE7B12440B}.Debug|Any CPU.ActiveCfg = Debug|Any CPU
		{97AAD9BA-FE93-4668-8FFF-56CE7B12440B}.Debug|Any CPU.Build.0 = Debug|Any CPU
		{97AAD9BA-FE93-4668-8FFF-56CE7B12440B}.Release|Any CPU.ActiveCfg = Release|Any CPU
		{97AAD9BA-FE93-4668-8FFF-56CE7B12440B}.Release|Any CPU.Build.0 = Release|Any CPU
	EndGlobalSection
	GlobalSection(SolutionProperties) = preSolution
		HideSolutionNode = FALSE
	EndGlobalSection
	GlobalSection(ExtensibilityGlobals) = postSolution
		SolutionGuid = {4AA8B5D2-5A02-49A6-9B10-E2663A9493FE}
	EndGlobalSection
EndGlobal
