
Microsoft Visual Studio Solution File, Format Version 12.00
# Visual Studio Version 16
VisualStudioVersion = 16.0.30804.86
MinimumVisualStudioVersion = 10.0.40219.1
Project("{FAE04EC0-301F-11D3-BF4B-00C04F79EFBC}") = "01. The Imitation Game", "01. The Imitation Game\01. The Imitation Game.csproj", "{138F8E73-C044-41AE-80F8-03D576D7E69D}"
EndProject
Project("{FAE04EC0-301F-11D3-BF4B-00C04F79EFBC}") = "02. Ad Astra", "02. Ad Astra\02. Ad Astra.csproj", "{B02AF924-C932-4BA2-82ED-3983EE9ADE3A}"
EndProject
Project("{FAE04EC0-301F-11D3-BF4B-00C04F79EFBC}") = "03. The Pianist", "03. The Pianist\03. The Pianist.csproj", "{7D461DA0-3F57-44E3-B32A-6BD471F5F684}"
EndProject
Global
	GlobalSection(SolutionConfigurationPlatforms) = preSolution
		Debug|Any CPU = Debug|Any CPU
		Release|Any CPU = Release|Any CPU
	EndGlobalSection
	GlobalSection(ProjectConfigurationPlatforms) = postSolution
		{138F8E73-C044-41AE-80F8-03D576D7E69D}.Debug|Any CPU.ActiveCfg = Debug|Any CPU
		{138F8E73-C044-41AE-80F8-03D576D7E69D}.Debug|Any CPU.Build.0 = Debug|Any CPU
		{138F8E73-C044-41AE-80F8-03D576D7E69D}.Release|Any CPU.ActiveCfg = Release|Any CPU
		{138F8E73-C044-41AE-80F8-03D576D7E69D}.Release|Any CPU.Build.0 = Release|Any CPU
		{B02AF924-C932-4BA2-82ED-3983EE9ADE3A}.Debug|Any CPU.ActiveCfg = Debug|Any CPU
		{B02AF924-C932-4BA2-82ED-3983EE9ADE3A}.Debug|Any CPU.Build.0 = Debug|Any CPU
		{B02AF924-C932-4BA2-82ED-3983EE9ADE3A}.Release|Any CPU.ActiveCfg = Release|Any CPU
		{B02AF924-C932-4BA2-82ED-3983EE9ADE3A}.Release|Any CPU.Build.0 = Release|Any CPU
		{7D461DA0-3F57-44E3-B32A-6BD471F5F684}.Debug|Any CPU.ActiveCfg = Debug|Any CPU
		{7D461DA0-3F57-44E3-B32A-6BD471F5F684}.Debug|Any CPU.Build.0 = Debug|Any CPU
		{7D461DA0-3F57-44E3-B32A-6BD471F5F684}.Release|Any CPU.ActiveCfg = Release|Any CPU
		{7D461DA0-3F57-44E3-B32A-6BD471F5F684}.Release|Any CPU.Build.0 = Release|Any CPU
	EndGlobalSection
	GlobalSection(SolutionProperties) = preSolution
		HideSolutionNode = FALSE
	EndGlobalSection
	GlobalSection(ExtensibilityGlobals) = postSolution
		SolutionGuid = {1F194F7F-6F6B-42E8-B1D1-8FE7554F7474}
	EndGlobalSection
EndGlobal
