
Microsoft Visual Studio Solution File, Format Version 12.00
# Visual Studio Version 16
VisualStudioVersion = 16.0.30621.155
MinimumVisualStudioVersion = 10.0.40219.1
Project("{9A19103F-16F7-4668-BE54-9A1E7A4F7556}") = "01. Secret Chat", "01. Secret Chat\01. Secret Chat.csproj", "{7774AE30-C52A-44DB-9322-C1F93B4D79A4}"
EndProject
Project("{9A19103F-16F7-4668-BE54-9A1E7A4F7556}") = "02. Mirror Words", "02. Mirror Words\02. Mirror Words.csproj", "{D569FB61-F001-4E5C-B4C9-9FCA64DEF774}"
EndProject
Project("{FAE04EC0-301F-11D3-BF4B-00C04F79EFBC}") = "03. Need for Speed III", "03. Need for Speed III\03. Need for Speed III.csproj", "{8C226671-3BCF-45D2-B895-F5C5863989EA}"
EndProject
Global
	GlobalSection(SolutionConfigurationPlatforms) = preSolution
		Debug|Any CPU = Debug|Any CPU
		Release|Any CPU = Release|Any CPU
	EndGlobalSection
	GlobalSection(ProjectConfigurationPlatforms) = postSolution
		{7774AE30-C52A-44DB-9322-C1F93B4D79A4}.Debug|Any CPU.ActiveCfg = Debug|Any CPU
		{7774AE30-C52A-44DB-9322-C1F93B4D79A4}.Debug|Any CPU.Build.0 = Debug|Any CPU
		{7774AE30-C52A-44DB-9322-C1F93B4D79A4}.Release|Any CPU.ActiveCfg = Release|Any CPU
		{7774AE30-C52A-44DB-9322-C1F93B4D79A4}.Release|Any CPU.Build.0 = Release|Any CPU
		{D569FB61-F001-4E5C-B4C9-9FCA64DEF774}.Debug|Any CPU.ActiveCfg = Debug|Any CPU
		{D569FB61-F001-4E5C-B4C9-9FCA64DEF774}.Debug|Any CPU.Build.0 = Debug|Any CPU
		{D569FB61-F001-4E5C-B4C9-9FCA64DEF774}.Release|Any CPU.ActiveCfg = Release|Any CPU
		{D569FB61-F001-4E5C-B4C9-9FCA64DEF774}.Release|Any CPU.Build.0 = Release|Any CPU
		{8C226671-3BCF-45D2-B895-F5C5863989EA}.Debug|Any CPU.ActiveCfg = Debug|Any CPU
		{8C226671-3BCF-45D2-B895-F5C5863989EA}.Debug|Any CPU.Build.0 = Debug|Any CPU
		{8C226671-3BCF-45D2-B895-F5C5863989EA}.Release|Any CPU.ActiveCfg = Release|Any CPU
		{8C226671-3BCF-45D2-B895-F5C5863989EA}.Release|Any CPU.Build.0 = Release|Any CPU
	EndGlobalSection
	GlobalSection(SolutionProperties) = preSolution
		HideSolutionNode = FALSE
	EndGlobalSection
	GlobalSection(ExtensibilityGlobals) = postSolution
		SolutionGuid = {FBCE4801-CE83-439A-AEA6-263D2EF83D98}
	EndGlobalSection
EndGlobal
